# THIS IS AN AUTOGENERATED FILE. DO NOT EDIT THIS FILE DIRECTLY.
# yarn lockfile v1


"@microsoft/tsdoc@^0.14.2":
  version "0.14.2"
  resolved "https://registry.yarnpkg.com/@microsoft/tsdoc/-/tsdoc-0.14.2.tgz#c3ec604a0b54b9a9b87e9735dfc59e1a5da6a5fb"
  integrity sha512-9b8mPpKrfeGRuhFH5iO1iwCLeIIsV6+H1sRfxbkoGXIyQE2BTsPd9zqSqQJ+pv5sJ/hT5M1zvOFL02MnEezFug==

"@nestjs/mapped-types@2.0.5":
  version "2.0.5"
  resolved "https://registry.yarnpkg.com/@nestjs/mapped-types/-/mapped-types-2.0.5.tgz#485d6b44e19779c98d04e52bd1d2bcc7001df0ea"
  integrity sha512-bSJv4pd6EY99NX9CjBIyn4TVDoSit82DUZlL4I3bqNfy5Gt+gXTa86i3I/i0iIV9P4hntcGM5GyO+FhZAhxtyg==

"@nestjs/swagger@^7.3.0":
  version "7.3.0"
  resolved "https://registry.yarnpkg.com/@nestjs/swagger/-/swagger-7.3.0.tgz#0b5e397cc5a592422df9afb24c79af928fea5954"
  integrity sha512-zLkfKZ+ioYsIZ3dfv7Bj8YHnZMNAGWFUmx2ZDuLp/fBE4P8BSjB7hldzDueFXsmwaPL90v7lgyd82P+s7KME1Q==
  dependencies:
    "@microsoft/tsdoc" "^0.14.2"
    "@nestjs/mapped-types" "2.0.5"
    js-yaml "4.1.0"
    lodash "4.17.21"
    path-to-regexp "3.2.0"
    swagger-ui-dist "5.11.2"

"@prisma/debug@5.10.2":
  version "5.10.2"
  resolved "https://registry.yarnpkg.com/@prisma/debug/-/debug-5.10.2.tgz#74be81d8969978f4d53c1b4e76d61f04bfbc3951"
  integrity sha512-bkBOmH9dpEBbMKFJj8V+Zp8IZHIBjy3fSyhLhxj4FmKGb/UBSt9doyfA6k1UeUREsMJft7xgPYBbHSOYBr8XCA==

"@prisma/engines-version@5.10.0-34.5a9203d0590c951969e85a7d07215503f4672eb9":
  version "5.10.0-34.5a9203d0590c951969e85a7d07215503f4672eb9"
  resolved "https://registry.yarnpkg.com/@prisma/engines-version/-/engines-version-5.10.0-34.5a9203d0590c951969e85a7d07215503f4672eb9.tgz#1502335d4d72d2014cb25b8ad8a740a3a13400ea"
  integrity sha512-uCy/++3Jx/O3ufM+qv2H1L4tOemTNqcP/gyEVOlZqTpBvYJUe0tWtW0y3o2Ueq04mll4aM5X3f6ugQftOSLdFQ==

"@prisma/engines@5.10.2":
  version "5.10.2"
  resolved "https://registry.yarnpkg.com/@prisma/engines/-/engines-5.10.2.tgz#a4851d90f76ad6d22e783d5fd2e2e8c0640f1e81"
  integrity sha512-HkSJvix6PW8YqEEt3zHfCYYJY69CXsNdhU+wna+4Y7EZ+AwzeupMnUThmvaDA7uqswiHkgm5/SZ6/4CStjaGmw==
  dependencies:
    "@prisma/debug" "5.10.2"
    "@prisma/engines-version" "5.10.0-34.5a9203d0590c951969e85a7d07215503f4672eb9"
    "@prisma/fetch-engine" "5.10.2"
    "@prisma/get-platform" "5.10.2"

"@prisma/fetch-engine@5.10.2":
  version "5.10.2"
  resolved "https://registry.yarnpkg.com/@prisma/fetch-engine/-/fetch-engine-5.10.2.tgz#a061f6727d395c7033b55f9c6e92f8741a70d5c5"
  integrity sha512-dSmXcqSt6DpTmMaLQ9K8ZKzVAMH3qwGCmYEZr/uVnzVhxRJ1EbT/w2MMwIdBNq1zT69Rvh0h75WMIi0mrIw7Hg==
  dependencies:
    "@prisma/debug" "5.10.2"
    "@prisma/engines-version" "5.10.0-34.5a9203d0590c951969e85a7d07215503f4672eb9"
    "@prisma/get-platform" "5.10.2"

"@prisma/get-platform@5.10.2":
  version "5.10.2"
  resolved "https://registry.yarnpkg.com/@prisma/get-platform/-/get-platform-5.10.2.tgz#7af97b1d82e5574a474e3fbf6eaf04f4156bc535"
  integrity sha512-nqXP6vHiY2PIsebBAuDeWiUYg8h8mfjBckHh6Jezuwej0QJNnjDiOq30uesmg+JXxGk99nqyG3B7wpcOODzXvg==
  dependencies:
    "@prisma/debug" "5.10.2"

"@types/validator@^13.11.8":
  version "13.11.9"
  resolved "https://registry.yarnpkg.com/@types/validator/-/validator-13.11.9.tgz#adfe96520b437a0eaa798a475877bf2f75ee402d"
  integrity sha512-FCTsikRozryfayPuiI46QzH3fnrOoctTjvOYZkho9BTFLCOZ2rgZJHMOVgCOfttjPJcgOx52EpkY0CMfy87MIw==

argparse@^2.0.1:
  version "2.0.1"
  resolved "https://registry.yarnpkg.com/argparse/-/argparse-2.0.1.tgz#246f50f3ca78a3240f6c997e8a9bd1eac49e4b38"
  integrity sha512-8+9WqebbFzpX9OR+Wa6O29asIogeRMzcGtAINdpMHHyAg10f05aSFVBbcEqGf/PXw1EjAZ+q2/bEBg3DvurK3Q==

class-transformer@^0.5.1:
  version "0.5.1"
  resolved "https://registry.yarnpkg.com/class-transformer/-/class-transformer-0.5.1.tgz#24147d5dffd2a6cea930a3250a677addf96ab336"
  integrity sha512-SQa1Ws6hUbfC98vKGxZH3KFY0Y1lm5Zm0SY8XX9zbK7FJCyVEac3ATW0RIpwzW+oOfmHE5PMPufDG9hCfoEOMw==

class-validator@^0.14.1:
  version "0.14.1"
  resolved "https://registry.yarnpkg.com/class-validator/-/class-validator-0.14.1.tgz#ff2411ed8134e9d76acfeb14872884448be98110"
  integrity sha512-2VEG9JICxIqTpoK1eMzZqaV+u/EiwEJkMGzTrZf6sU/fwsnOITVgYJ8yojSy6CaXtO9V0Cc6ZQZ8h8m4UBuLwQ==
  dependencies:
    "@types/validator" "^13.11.8"
    libphonenumber-js "^1.10.53"
    validator "^13.9.0"

js-yaml@4.1.0:
  version "4.1.0"
  resolved "https://registry.yarnpkg.com/js-yaml/-/js-yaml-4.1.0.tgz#c1fb65f8f5017901cdd2c951864ba18458a10602"
  integrity sha512-wpxZs9NoxZaJESJGIZTyDEaYpl0FKSA+FB9aJiyemKhMwkxQg63h4T1KJgUGHpTqPDNRcmmYLugrRjJlBtWvRA==
  dependencies:
    argparse "^2.0.1"

libphonenumber-js@^1.10.53:
  version "1.10.57"
  resolved "https://registry.yarnpkg.com/libphonenumber-js/-/libphonenumber-js-1.10.57.tgz#4a8174014c758b8ffd865e06a43c3885706f7a9c"
  integrity sha512-OjsEd9y4LgcX+Ig09SbxWqcGESxliDDFNVepFhB9KEsQZTrnk3UdEU+cO0sW1APvLprHstQpS23OQpZ3bwxy6Q==

lodash@4.17.21:
  version "4.17.21"
  resolved "https://registry.yarnpkg.com/lodash/-/lodash-4.17.21.tgz#679591c564c3bffaae8454cf0b3df370c3d6911c"
  integrity sha512-v2kDEe57lecTulaDIuNTPy3Ry4gLGJ6Z1O3vE1krgXZNrsQ+LFTGHVxVjcXPs17LhbZVGedAJv8XZ1tvj5FvSg==

path-to-regexp@3.2.0:
  version "3.2.0"
  resolved "https://registry.yarnpkg.com/path-to-regexp/-/path-to-regexp-3.2.0.tgz#fa7877ecbc495c601907562222453c43cc204a5f"
  integrity sha512-jczvQbCUS7XmS7o+y1aEO9OBVFeZBQ1MDSEqmO7xSoPgOPoowY/SxLpZ6Vh97/8qHZOteiCKb7gkG9gA2ZUxJA==

prisma@^5.10.2:
  version "5.10.2"
  resolved "https://registry.yarnpkg.com/prisma/-/prisma-5.10.2.tgz#aa63085c49dc74cdb5c3816e8dd1fb4d74a2aadd"
  integrity sha512-hqb/JMz9/kymRE25pMWCxkdyhbnIWrq+h7S6WysJpdnCvhstbJSNP/S6mScEcqiB8Qv2F+0R3yG+osRaWqZacQ==
  dependencies:
    "@prisma/engines" "5.10.2"

swagger-ui-dist@5.11.2:
  version "5.11.2"
  resolved "https://registry.yarnpkg.com/swagger-ui-dist/-/swagger-ui-dist-5.11.2.tgz#b423e820928df703586ff58f80b09ffcf2434e08"
  integrity sha512-jQG0cRgJNMZ7aCoiFofnoojeSaa/+KgWaDlfgs8QN+BXoGMpxeMVY5OEnjq4OlNvF3yjftO8c9GRAgcHlO+u7A==

validator@^13.9.0:
  version "13.11.0"
  resolved "https://registry.yarnpkg.com/validator/-/validator-13.11.0.tgz#23ab3fd59290c61248364eabf4067f04955fbb1b"
  integrity sha512-Ii+sehpSfZy+At5nPdnyMhx78fEoPDkR2XW/zimHEL3MyGJQOCQ7WeP20jPYRz7ZCpcKLB21NxuXHF3bxjStBQ==
